// !$*UTF8*$!
{
	archiveVersion = 1;
	classes = {
	};
	objectVersion = 56;
	objects = {

/* Begin PBXBuildFile section */
		7C2EB3972BA2F42000D20600 /* AppRoutes.swift in Sources */ = {isa = PBXBuildFile; fileRef = 7C2EB3962BA2F42000D20600 /* AppRoutes.swift */; };
		7C2EB3FD2BA2FF9C00D20600 /* RouteManager.framework in Frameworks */ = {isa = PBXBuildFile; fileRef = 7C2EB3E02BA2FEEB00D20600 /* RouteManager.framework */; };
		7C2EB3FE2BA2FF9C00D20600 /* RouteManager.framework in Embed Frameworks */ = {isa = PBXBuildFile; fileRef = 7C2EB3E02BA2FEEB00D20600 /* RouteManager.framework */; settings = {ATTRIBUTES = (CodeSignOnCopy, RemoveHeadersOnCopy, ); }; };
		7C3A7A452BA98B43004AD2DE /* CommonErrorView.swift in Sources */ = {isa = PBXBuildFile; fileRef = 7C3A7A442BA98B43004AD2DE /* CommonErrorView.swift */; };
		7C3A7A472BA9A427004AD2DE /* MyAccountView.swift in Sources */ = {isa = PBXBuildFile; fileRef = 7C3A7A462BA9A427004AD2DE /* MyAccountView.swift */; };
		7CF79B392B999DB3005289CB /* NavigationRouterDemoApp.swift in Sources */ = {isa = PBXBuildFile; fileRef = 7CF79B382B999DB3005289CB /* NavigationRouterDemoApp.swift */; };
		7CF79B3B2B999DB3005289CB /* ContentView.swift in Sources */ = {isa = PBXBuildFile; fileRef = 7CF79B3A2B999DB3005289CB /* ContentView.swift */; };
		7CF79B3D2B999DB6005289CB /* Assets.xcassets in Resources */ = {isa = PBXBuildFile; fileRef = 7CF79B3C2B999DB6005289CB /* Assets.xcassets */; };
		7CF79B402B999DB6005289CB /* Preview Assets.xcassets in Resources */ = {isa = PBXBuildFile; fileRef = 7CF79B3F2B999DB6005289CB /* Preview Assets.xcassets */; };
		7CF79B472B999DDA005289CB /* RouterViewOld.swift in Sources */ = {isa = PBXBuildFile; fileRef = 7CF79B462B999DDA005289CB /* RouterViewOld.swift */; };
		7CF79B4A2B999F2A005289CB /* MoviesView.swift in Sources */ = {isa = PBXBuildFile; fileRef = 7CF79B492B999F2A005289CB /* MoviesView.swift */; };
		7CF79B4D2B99A11D005289CB /* MovieModel.swift in Sources */ = {isa = PBXBuildFile; fileRef = 7CF79B4C2B99A11D005289CB /* MovieModel.swift */; };
		7CF79B4F2B99A12C005289CB /* ReviewModel.swift in Sources */ = {isa = PBXBuildFile; fileRef = 7CF79B4E2B99A12C005289CB /* ReviewModel.swift */; };
		7CF79B512B99A159005289CB /* ReviewsView.swift in Sources */ = {isa = PBXBuildFile; fileRef = 7CF79B502B99A159005289CB /* ReviewsView.swift */; };
		7CF79B532B99A167005289CB /* MovieDetailsView.swift in Sources */ = {isa = PBXBuildFile; fileRef = 7CF79B522B99A167005289CB /* MovieDetailsView.swift */; };
/* End PBXBuildFile section */

/* Begin PBXContainerItemProxy section */
		7C2EB3DF2BA2FEEB00D20600 /* PBXContainerItemProxy */ = {
			isa = PBXContainerItemProxy;
			containerPortal = 7C2EB3D82BA2FEEB00D20600 /* RouteManager.xcodeproj */;
			proxyType = 2;
			remoteGlobalIDString = 7C2EB3AB2BA2FE0200D20600;
			remoteInfo = RouteManager;
		};
		7C2EB3E12BA2FEEB00D20600 /* PBXContainerItemProxy */ = {
			isa = PBXContainerItemProxy;
			containerPortal = 7C2EB3D82BA2FEEB00D20600 /* RouteManager.xcodeproj */;
			proxyType = 2;
			remoteGlobalIDString = 7C2EB3B52BA2FE0300D20600;
			remoteInfo = RouteManagerTests;
		};
		7C2EB3F92BA2FF9600D20600 /* PBXContainerItemProxy */ = {
			isa = PBXContainerItemProxy;
			containerPortal = 7C2EB3F22BA2FF9600D20600 /* RouteManager.xcodeproj */;
			proxyType = 2;
			remoteGlobalIDString = 7C2EB3AB2BA2FE0200D20600;
			remoteInfo = RouteManager;
		};
		7C2EB3FB2BA2FF9600D20600 /* PBXContainerItemProxy */ = {
			isa = PBXContainerItemProxy;
			containerPortal = 7C2EB3F22BA2FF9600D20600 /* RouteManager.xcodeproj */;
			proxyType = 2;
			remoteGlobalIDString = 7C2EB3B52BA2FE0300D20600;
			remoteInfo = RouteManagerTests;
		};
/* End PBXContainerItemProxy section */

/* Begin PBXCopyFilesBuildPhase section */
		7C2EB3FF2BA2FF9C00D20600 /* Embed Frameworks */ = {
			isa = PBXCopyFilesBuildPhase;
			buildActionMask = 2147483647;
			dstPath = "";
			dstSubfolderSpec = 10;
			files = (
				7C2EB3FE2BA2FF9C00D20600 /* RouteManager.framework in Embed Frameworks */,
			);
			name = "Embed Frameworks";
			runOnlyForDeploymentPostprocessing = 0;
		};
/* End PBXCopyFilesBuildPhase section */

/* Begin PBXFileReference section */
		7C2EB3962BA2F42000D20600 /* AppRoutes.swift */ = {isa = PBXFileReference; lastKnownFileType = sourcecode.swift; path = AppRoutes.swift; sourceTree = "<group>"; };
		7C2EB3982BA2F82B00D20600 /* Routable.swift */ = {isa = PBXFileReference; lastKnownFileType = sourcecode.swift; path = Routable.swift; sourceTree = "<group>"; };
		7C2EB39A2BA2F85B00D20600 /* Router.swift */ = {isa = PBXFileReference; lastKnownFileType = sourcecode.swift; path = Router.swift; sourceTree = "<group>"; };
		7C2EB39C2BA2F87A00D20600 /* RoutingView.swift */ = {isa = PBXFileReference; lastKnownFileType = sourcecode.swift; path = RoutingView.swift; sourceTree = "<group>"; };
		7C2EB39E2BA2F89800D20600 /* RoutingProtocols.swift */ = {isa = PBXFileReference; lastKnownFileType = sourcecode.swift; path = RoutingProtocols.swift; sourceTree = "<group>"; };
		7C2EB3D12BA2FEEB00D20600 /* RouteManager.docc */ = {isa = PBXFileReference; lastKnownFileType = folder.documentationcatalog; path = RouteManager.docc; sourceTree = "<group>"; };
		7C2EB3D32BA2FEEB00D20600 /* RoutingView.swift */ = {isa = PBXFileReference; lastKnownFileType = sourcecode.swift; path = RoutingView.swift; sourceTree = "<group>"; };
		7C2EB3D42BA2FEEB00D20600 /* Routable.swift */ = {isa = PBXFileReference; lastKnownFileType = sourcecode.swift; path = Routable.swift; sourceTree = "<group>"; };
		7C2EB3D52BA2FEEB00D20600 /* Router.swift */ = {isa = PBXFileReference; lastKnownFileType = sourcecode.swift; path = Router.swift; sourceTree = "<group>"; };
		7C2EB3D62BA2FEEB00D20600 /* RoutingProtocols.swift */ = {isa = PBXFileReference; lastKnownFileType = sourcecode.swift; path = RoutingProtocols.swift; sourceTree = "<group>"; };
		7C2EB3D72BA2FEEB00D20600 /* RouteManager.h */ = {isa = PBXFileReference; lastKnownFileType = sourcecode.c.h; path = RouteManager.h; sourceTree = "<group>"; };
		7C2EB3D82BA2FEEB00D20600 /* RouteManager.xcodeproj */ = {isa = PBXFileReference; lastKnownFileType = "wrapper.pb-project"; path = RouteManager.xcodeproj; sourceTree = "<group>"; };
		7C2EB3DC2BA2FEEB00D20600 /* RouteManagerTests.swift */ = {isa = PBXFileReference; lastKnownFileType = sourcecode.swift; path = RouteManagerTests.swift; sourceTree = "<group>"; };
		7C2EB3EB2BA2FF9600D20600 /* RouteManager.docc */ = {isa = PBXFileReference; lastKnownFileType = folder.documentationcatalog; path = RouteManager.docc; sourceTree = "<group>"; };
		7C2EB3ED2BA2FF9600D20600 /* RoutingView.swift */ = {isa = PBXFileReference; lastKnownFileType = sourcecode.swift; path = RoutingView.swift; sourceTree = "<group>"; };
		7C2EB3EE2BA2FF9600D20600 /* Routable.swift */ = {isa = PBXFileReference; lastKnownFileType = sourcecode.swift; path = Routable.swift; sourceTree = "<group>"; };
		7C2EB3EF2BA2FF9600D20600 /* Router.swift */ = {isa = PBXFileReference; lastKnownFileType = sourcecode.swift; path = Router.swift; sourceTree = "<group>"; };
		7C2EB3F02BA2FF9600D20600 /* RoutingProtocols.swift */ = {isa = PBXFileReference; lastKnownFileType = sourcecode.swift; path = RoutingProtocols.swift; sourceTree = "<group>"; };
		7C2EB3F12BA2FF9600D20600 /* RouteManager.h */ = {isa = PBXFileReference; lastKnownFileType = sourcecode.c.h; path = RouteManager.h; sourceTree = "<group>"; };
		7C2EB3F22BA2FF9600D20600 /* RouteManager.xcodeproj */ = {isa = PBXFileReference; lastKnownFileType = "wrapper.pb-project"; path = RouteManager.xcodeproj; sourceTree = "<group>"; };
		7C2EB3F62BA2FF9600D20600 /* RouteManagerTests.swift */ = {isa = PBXFileReference; lastKnownFileType = sourcecode.swift; path = RouteManagerTests.swift; sourceTree = "<group>"; };
		7C2EB4002BA9671000D20600 /* Info.plist */ = {isa = PBXFileReference; lastKnownFileType = text.plist; path = Info.plist; sourceTree = "<group>"; };
		7C3A7A442BA98B43004AD2DE /* CommonErrorView.swift */ = {isa = PBXFileReference; lastKnownFileType = sourcecode.swift; path = CommonErrorView.swift; sourceTree = "<group>"; };
		7C3A7A462BA9A427004AD2DE /* MyAccountView.swift */ = {isa = PBXFileReference; lastKnownFileType = sourcecode.swift; path = MyAccountView.swift; sourceTree = "<group>"; };
		7CF79B352B999DB3005289CB /* NavigationRouterDemo.app */ = {isa = PBXFileReference; explicitFileType = wrapper.application; includeInIndex = 0; path = NavigationRouterDemo.app; sourceTree = BUILT_PRODUCTS_DIR; };
		7CF79B382B999DB3005289CB /* NavigationRouterDemoApp.swift */ = {isa = PBXFileReference; lastKnownFileType = sourcecode.swift; path = NavigationRouterDemoApp.swift; sourceTree = "<group>"; };
		7CF79B3A2B999DB3005289CB /* ContentView.swift */ = {isa = PBXFileReference; lastKnownFileType = sourcecode.swift; path = ContentView.swift; sourceTree = "<group>"; };
		7CF79B3C2B999DB6005289CB /* Assets.xcassets */ = {isa = PBXFileReference; lastKnownFileType = folder.assetcatalog; path = Assets.xcassets; sourceTree = "<group>"; };
		7CF79B3F2B999DB6005289CB /* Preview Assets.xcassets */ = {isa = PBXFileReference; lastKnownFileType = folder.assetcatalog; path = "Preview Assets.xcassets"; sourceTree = "<group>"; };
		7CF79B462B999DDA005289CB /* RouterViewOld.swift */ = {isa = PBXFileReference; lastKnownFileType = sourcecode.swift; path = RouterViewOld.swift; sourceTree = "<group>"; };
		7CF79B492B999F2A005289CB /* MoviesView.swift */ = {isa = PBXFileReference; lastKnownFileType = sourcecode.swift; path = MoviesView.swift; sourceTree = "<group>"; };
		7CF79B4C2B99A11D005289CB /* MovieModel.swift */ = {isa = PBXFileReference; lastKnownFileType = sourcecode.swift; path = MovieModel.swift; sourceTree = "<group>"; };
		7CF79B4E2B99A12C005289CB /* ReviewModel.swift */ = {isa = PBXFileReference; lastKnownFileType = sourcecode.swift; path = ReviewModel.swift; sourceTree = "<group>"; };
		7CF79B502B99A159005289CB /* ReviewsView.swift */ = {isa = PBXFileReference; lastKnownFileType = sourcecode.swift; path = ReviewsView.swift; sourceTree = "<group>"; };
		7CF79B522B99A167005289CB /* MovieDetailsView.swift */ = {isa = PBXFileReference; lastKnownFileType = sourcecode.swift; path = MovieDetailsView.swift; sourceTree = "<group>"; };
/* End PBXFileReference section */

/* Begin PBXFrameworksBuildPhase section */
		7CF79B322B999DB3005289CB /* Frameworks */ = {
			isa = PBXFrameworksBuildPhase;
			buildActionMask = 2147483647;
			files = (
				7C2EB3FD2BA2FF9C00D20600 /* RouteManager.framework in Frameworks */,
			);
			runOnlyForDeploymentPostprocessing = 0;
		};
/* End PBXFrameworksBuildPhase section */

/* Begin PBXGroup section */
		7C2EB3A02BA2F95700D20600 /* OldCode */ = {
			isa = PBXGroup;
			children = (
				7CF79B462B999DDA005289CB /* RouterViewOld.swift */,
			);
			path = OldCode;
			sourceTree = "<group>";
		};
		7C2EB3CE2BA2FEEA00D20600 /* Frameworks */ = {
			isa = PBXGroup;
			children = (
				7C2EB3E92BA2FF9600D20600 /* RouteManager */,
				7C2EB3CF2BA2FEEB00D20600 /* RouteManager */,
			);
			name = Frameworks;
			sourceTree = "<group>";
		};
		7C2EB3CF2BA2FEEB00D20600 /* RouteManager */ = {
			isa = PBXGroup;
			children = (
				7C2EB3D02BA2FEEB00D20600 /* RouteManager */,
				7C2EB3D82BA2FEEB00D20600 /* RouteManager.xcodeproj */,
				7C2EB3DB2BA2FEEB00D20600 /* RouteManagerTests */,
			);
			name = RouteManager;
			path = ../RouteManager;
			sourceTree = "<group>";
		};
		7C2EB3D02BA2FEEB00D20600 /* RouteManager */ = {
			isa = PBXGroup;
			children = (
				7C2EB3D12BA2FEEB00D20600 /* RouteManager.docc */,
				7C2EB3D22BA2FEEB00D20600 /* GlobalRouterManager */,
				7C2EB3D72BA2FEEB00D20600 /* RouteManager.h */,
			);
			path = RouteManager;
			sourceTree = "<group>";
		};
		7C2EB3D22BA2FEEB00D20600 /* GlobalRouterManager */ = {
			isa = PBXGroup;
			children = (
				7C2EB3D32BA2FEEB00D20600 /* RoutingView.swift */,
				7C2EB3D42BA2FEEB00D20600 /* Routable.swift */,
				7C2EB3D52BA2FEEB00D20600 /* Router.swift */,
				7C2EB3D62BA2FEEB00D20600 /* RoutingProtocols.swift */,
			);
			path = GlobalRouterManager;
			sourceTree = "<group>";
		};
		7C2EB3D92BA2FEEB00D20600 /* Products */ = {
			isa = PBXGroup;
			children = (
				7C2EB3E02BA2FEEB00D20600 /* RouteManager.framework */,
				7C2EB3E22BA2FEEB00D20600 /* RouteManagerTests.xctest */,
			);
			name = Products;
			sourceTree = "<group>";
		};
		7C2EB3DB2BA2FEEB00D20600 /* RouteManagerTests */ = {
			isa = PBXGroup;
			children = (
				7C2EB3DC2BA2FEEB00D20600 /* RouteManagerTests.swift */,
			);
			path = RouteManagerTests;
			sourceTree = "<group>";
		};
		7C2EB3E92BA2FF9600D20600 /* RouteManager */ = {
			isa = PBXGroup;
			children = (
				7C2EB3EA2BA2FF9600D20600 /* RouteManager */,
				7C2EB3F22BA2FF9600D20600 /* RouteManager.xcodeproj */,
				7C2EB3F52BA2FF9600D20600 /* RouteManagerTests */,
			);
			name = RouteManager;
			path = ../RouteManager;
			sourceTree = "<group>";
		};
		7C2EB3EA2BA2FF9600D20600 /* RouteManager */ = {
			isa = PBXGroup;
			children = (
				7C2EB3EB2BA2FF9600D20600 /* RouteManager.docc */,
				7C2EB3EC2BA2FF9600D20600 /* GlobalRouterManager */,
				7C2EB3F12BA2FF9600D20600 /* RouteManager.h */,
			);
			path = RouteManager;
			sourceTree = "<group>";
		};
		7C2EB3EC2BA2FF9600D20600 /* GlobalRouterManager */ = {
			isa = PBXGroup;
			children = (
				7C2EB3ED2BA2FF9600D20600 /* RoutingView.swift */,
				7C2EB3EE2BA2FF9600D20600 /* Routable.swift */,
				7C2EB3EF2BA2FF9600D20600 /* Router.swift */,
				7C2EB3F02BA2FF9600D20600 /* RoutingProtocols.swift */,
			);
			path = GlobalRouterManager;
			sourceTree = "<group>";
		};
		7C2EB3F32BA2FF9600D20600 /* Products */ = {
			isa = PBXGroup;
			children = (
				7C2EB3FA2BA2FF9600D20600 /* RouteManager.framework */,
				7C2EB3FC2BA2FF9600D20600 /* RouteManagerTests.xctest */,
			);
			name = Products;
			sourceTree = "<group>";
		};
		7C2EB3F52BA2FF9600D20600 /* RouteManagerTests */ = {
			isa = PBXGroup;
			children = (
				7C2EB3F62BA2FF9600D20600 /* RouteManagerTests.swift */,
			);
			path = RouteManagerTests;
			sourceTree = "<group>";
		};
		7CF79B2C2B999DB3005289CB = {
			isa = PBXGroup;
			children = (
				7CF79B372B999DB3005289CB /* NavigationRouterDemo */,
				7CF79B362B999DB3005289CB /* Products */,
				7C2EB3CE2BA2FEEA00D20600 /* Frameworks */,
			);
			sourceTree = "<group>";
		};
		7CF79B362B999DB3005289CB /* Products */ = {
			isa = PBXGroup;
			children = (
				7CF79B352B999DB3005289CB /* NavigationRouterDemo.app */,
			);
			name = Products;
			sourceTree = "<group>";
		};
		7CF79B372B999DB3005289CB /* NavigationRouterDemo */ = {
			isa = PBXGroup;
			children = (
				7C2EB4002BA9671000D20600 /* Info.plist */,
				7C2EB3A02BA2F95700D20600 /* OldCode */,
				7CF79B542B99A1B1005289CB /* GlobalRouterManager */,
				7CF79B4B2B99A102005289CB /* DataModels */,
				7CF79B482B999F1A005289CB /* Views */,
				7CF79B382B999DB3005289CB /* NavigationRouterDemoApp.swift */,
				7CF79B3A2B999DB3005289CB /* ContentView.swift */,
				7C2EB3962BA2F42000D20600 /* AppRoutes.swift */,
				7CF79B3C2B999DB6005289CB /* Assets.xcassets */,
				7CF79B3E2B999DB6005289CB /* Preview Content */,
			);
			path = NavigationRouterDemo;
			sourceTree = "<group>";
		};
		7CF79B3E2B999DB6005289CB /* Preview Content */ = {
			isa = PBXGroup;
			children = (
				7CF79B3F2B999DB6005289CB /* Preview Assets.xcassets */,
			);
			path = "Preview Content";
			sourceTree = "<group>";
		};
		7CF79B482B999F1A005289CB /* Views */ = {
			isa = PBXGroup;
			children = (
				7CF79B492B999F2A005289CB /* MoviesView.swift */,
				7CF79B522B99A167005289CB /* MovieDetailsView.swift */,
				7CF79B502B99A159005289CB /* ReviewsView.swift */,
				7C3A7A442BA98B43004AD2DE /* CommonErrorView.swift */,
				7C3A7A462BA9A427004AD2DE /* MyAccountView.swift */,
			);
			path = Views;
			sourceTree = "<group>";
		};
		7CF79B4B2B99A102005289CB /* DataModels */ = {
			isa = PBXGroup;
			children = (
				7CF79B4C2B99A11D005289CB /* MovieModel.swift */,
				7CF79B4E2B99A12C005289CB /* ReviewModel.swift */,
			);
			path = DataModels;
			sourceTree = "<group>";
		};
		7CF79B542B99A1B1005289CB /* GlobalRouterManager */ = {
			isa = PBXGroup;
			children = (
				7C2EB3982BA2F82B00D20600 /* Routable.swift */,
				7C2EB39A2BA2F85B00D20600 /* Router.swift */,
				7C2EB39C2BA2F87A00D20600 /* RoutingView.swift */,
				7C2EB39E2BA2F89800D20600 /* RoutingProtocols.swift */,
			);
			path = GlobalRouterManager;
			sourceTree = "<group>";
		};
/* End PBXGroup section */

/* Begin PBXNativeTarget section */
		7CF79B342B999DB3005289CB /* NavigationRouterDemo */ = {
			isa = PBXNativeTarget;
			buildConfigurationList = 7CF79B432B999DB6005289CB /* Build configuration list for PBXNativeTarget "NavigationRouterDemo" */;
			buildPhases = (
				7CF79B312B999DB3005289CB /* Sources */,
				7CF79B322B999DB3005289CB /* Frameworks */,
				7CF79B332B999DB3005289CB /* Resources */,
				7C2EB3FF2BA2FF9C00D20600 /* Embed Frameworks */,
			);
			buildRules = (
			);
			dependencies = (
			);
			name = NavigationRouterDemo;
			productName = NavigationRouterDemo;
			productReference = 7CF79B352B999DB3005289CB /* NavigationRouterDemo.app */;
			productType = "com.apple.product-type.application";
		};
/* End PBXNativeTarget section */

/* Begin PBXProject section */
		7CF79B2D2B999DB3005289CB /* Project object */ = {
			isa = PBXProject;
			attributes = {
				BuildIndependentTargetsInParallel = 1;
				LastSwiftUpdateCheck = 1420;
				LastUpgradeCheck = 1420;
				TargetAttributes = {
					7CF79B342B999DB3005289CB = {
						CreatedOnToolsVersion = 14.2;
					};
				};
			};
			buildConfigurationList = 7CF79B302B999DB3005289CB /* Build configuration list for PBXProject "NavigationRouterDemo" */;
			compatibilityVersion = "Xcode 14.0";
			developmentRegion = en;
			hasScannedForEncodings = 0;
			knownRegions = (
				en,
				Base,
			);
			mainGroup = 7CF79B2C2B999DB3005289CB;
			productRefGroup = 7CF79B362B999DB3005289CB /* Products */;
			projectDirPath = "";
			projectReferences = (
				{
					ProductGroup = 7C2EB3D92BA2FEEB00D20600 /* Products */;
					ProjectRef = 7C2EB3D82BA2FEEB00D20600 /* RouteManager.xcodeproj */;
				},
				{
					ProductGroup = 7C2EB3F32BA2FF9600D20600 /* Products */;
					ProjectRef = 7C2EB3F22BA2FF9600D20600 /* RouteManager.xcodeproj */;
				},
			);
			projectRoot = "";
			targets = (
				7CF79B342B999DB3005289CB /* NavigationRouterDemo */,
			);
		};
/* End PBXProject section */

/* Begin PBXReferenceProxy section */
		7C2EB3E02BA2FEEB00D20600 /* RouteManager.framework */ = {
			isa = PBXReferenceProxy;
			fileType = wrapper.framework;
			path = RouteManager.framework;
			remoteRef = 7C2EB3DF2BA2FEEB00D20600 /* PBXContainerItemProxy */;
			sourceTree = BUILT_PRODUCTS_DIR;
		};
		7C2EB3E22BA2FEEB00D20600 /* RouteManagerTests.xctest */ = {
			isa = PBXReferenceProxy;
			fileType = wrapper.cfbundle;
			path = RouteManagerTests.xctest;
			remoteRef = 7C2EB3E12BA2FEEB00D20600 /* PBXContainerItemProxy */;
			sourceTree = BUILT_PRODUCTS_DIR;
		};
		7C2EB3FA2BA2FF9600D20600 /* RouteManager.framework */ = {
			isa = PBXReferenceProxy;
			fileType = wrapper.framework;
			path = RouteManager.framework;
			remoteRef = 7C2EB3F92BA2FF9600D20600 /* PBXContainerItemProxy */;
			sourceTree = BUILT_PRODUCTS_DIR;
		};
		7C2EB3FC2BA2FF9600D20600 /* RouteManagerTests.xctest */ = {
			isa = PBXReferenceProxy;
			fileType = wrapper.cfbundle;
			path = RouteManagerTests.xctest;
			remoteRef = 7C2EB3FB2BA2FF9600D20600 /* PBXContainerItemProxy */;
			sourceTree = BUILT_PRODUCTS_DIR;
		};
/* End PBXReferenceProxy section */

/* Begin PBXResourcesBuildPhase section */
		7CF79B332B999DB3005289CB /* Resources */ = {
			isa = PBXResourcesBuildPhase;
			buildActionMask = 2147483647;
			files = (
				7CF79B402B999DB6005289CB /* Preview Assets.xcassets in Resources */,
				7CF79B3D2B999DB6005289CB /* Assets.xcassets in Resources */,
			);
			runOnlyForDeploymentPostprocessing = 0;
		};
/* End PBXResourcesBuildPhase section */

/* Begin PBXSourcesBuildPhase section */
		7CF79B312B999DB3005289CB /* Sources */ = {
			isa = PBXSourcesBuildPhase;
			buildActionMask = 2147483647;
			files = (
				7CF79B472B999DDA005289CB /* RouterViewOld.swift in Sources */,
				7CF79B4A2B999F2A005289CB /* MoviesView.swift in Sources */,
				7C3A7A452BA98B43004AD2DE /* CommonErrorView.swift in Sources */,
				7C3A7A472BA9A427004AD2DE /* MyAccountView.swift in Sources */,
				7CF79B532B99A167005289CB /* MovieDetailsView.swift in Sources */,
				7CF79B4D2B99A11D005289CB /* MovieModel.swift in Sources */,
				7CF79B512B99A159005289CB /* ReviewsView.swift in Sources */,
				7C2EB3972BA2F42000D20600 /* AppRoutes.swift in Sources */,
				7CF79B3B2B999DB3005289CB /* ContentView.swift in Sources */,
				7CF79B392B999DB3005289CB /* NavigationRouterDemoApp.swift in Sources */,
				7CF79B4F2B99A12C005289CB /* ReviewModel.swift in Sources */,
			);
			runOnlyForDeploymentPostprocessing = 0;
		};
/* End PBXSourcesBuildPhase section */

/* Begin XCBuildConfiguration section */
		7CF79B412B999DB6005289CB /* Debug */ = {
			isa = XCBuildConfiguration;
			buildSettings = {
				ALWAYS_SEARCH_USER_PATHS = NO;
				CLANG_ANALYZER_NONNULL = YES;
				CLANG_ANALYZER_NUMBER_OBJECT_CONVERSION = YES_AGGRESSIVE;
				CLANG_CXX_LANGUAGE_STANDARD = "gnu++20";
				CLANG_ENABLE_MODULES = YES;
				CLANG_ENABLE_OBJC_ARC = YES;
				CLANG_ENABLE_OBJC_WEAK = YES;
				CLANG_WARN_BLOCK_CAPTURE_AUTORELEASING = YES;
				CLANG_WARN_BOOL_CONVERSION = YES;
				CLANG_WARN_COMMA = YES;
				CLANG_WARN_CONSTANT_CONVERSION = YES;
				CLANG_WARN_DEPRECATED_OBJC_IMPLEMENTATIONS = YES;
				CLANG_WARN_DIRECT_OBJC_ISA_USAGE = YES_ERROR;
				CLANG_WARN_DOCUMENTATION_COMMENTS = YES;
				CLANG_WARN_EMPTY_BODY = YES;
				CLANG_WARN_ENUM_CONVERSION = YES;
				CLANG_WARN_INFINITE_RECURSION = YES;
				CLANG_WARN_INT_CONVERSION = YES;
				CLANG_WARN_NON_LITERAL_NULL_CONVERSION = YES;
				CLANG_WARN_OBJC_IMPLICIT_RETAIN_SELF = YES;
				CLANG_WARN_OBJC_LITERAL_CONVERSION = YES;
				CLANG_WARN_OBJC_ROOT_CLASS = YES_ERROR;
				CLANG_WARN_QUOTED_INCLUDE_IN_FRAMEWORK_HEADER = YES;
				CLANG_WARN_RANGE_LOOP_ANALYSIS = YES;
				CLANG_WARN_STRICT_PROTOTYPES = YES;
				CLANG_WARN_SUSPICIOUS_MOVE = YES;
				CLANG_WARN_UNGUARDED_AVAILABILITY = YES_AGGRESSIVE;
				CLANG_WARN_UNREACHABLE_CODE = YES;
				CLANG_WARN__DUPLICATE_METHOD_MATCH = YES;
				COPY_PHASE_STRIP = NO;
				DEBUG_INFORMATION_FORMAT = dwarf;
				ENABLE_STRICT_OBJC_MSGSEND = YES;
				ENABLE_TESTABILITY = YES;
				GCC_C_LANGUAGE_STANDARD = gnu11;
				GCC_DYNAMIC_NO_PIC = NO;
				GCC_NO_COMMON_BLOCKS = YES;
				GCC_OPTIMIZATION_LEVEL = 0;
				GCC_PREPROCESSOR_DEFINITIONS = (
					"DEBUG=1",
					"$(inherited)",
				);
				GCC_WARN_64_TO_32_BIT_CONVERSION = YES;
				GCC_WARN_ABOUT_RETURN_TYPE = YES_ERROR;
				GCC_WARN_UNDECLARED_SELECTOR = YES;
				GCC_WARN_UNINITIALIZED_AUTOS = YES_AGGRESSIVE;
				GCC_WARN_UNUSED_FUNCTION = YES;
				GCC_WARN_UNUSED_VARIABLE = YES;
				IPHONEOS_DEPLOYMENT_TARGET = 16.2;
				MTL_ENABLE_DEBUG_INFO = INCLUDE_SOURCE;
				MTL_FAST_MATH = YES;
				ONLY_ACTIVE_ARCH = YES;
				SDKROOT = iphoneos;
				SWIFT_ACTIVE_COMPILATION_CONDITIONS = DEBUG;
				SWIFT_OPTIMIZATION_LEVEL = "-Onone";
			};
			name = Debug;
		};
		7CF79B422B999DB6005289CB /* Release */ = {
			isa = XCBuildConfiguration;
			buildSettings = {
				ALWAYS_SEARCH_USER_PATHS = NO;
				CLANG_ANALYZER_NONNULL = YES;
				CLANG_ANALYZER_NUMBER_OBJECT_CONVERSION = YES_AGGRESSIVE;
				CLANG_CXX_LANGUAGE_STANDARD = "gnu++20";
				CLANG_ENABLE_MODULES = YES;
				CLANG_ENABLE_OBJC_ARC = YES;
				CLANG_ENABLE_OBJC_WEAK = YES;
				CLANG_WARN_BLOCK_CAPTURE_AUTORELEASING = YES;
				CLANG_WARN_BOOL_CONVERSION = YES;
				CLANG_WARN_COMMA = YES;
				CLANG_WARN_CONSTANT_CONVERSION = YES;
				CLANG_WARN_DEPRECATED_OBJC_IMPLEMENTATIONS = YES;
				CLANG_WARN_DIRECT_OBJC_ISA_USAGE = YES_ERROR;
				CLANG_WARN_DOCUMENTATION_COMMENTS = YES;
				CLANG_WARN_EMPTY_BODY = YES;
				CLANG_WARN_ENUM_CONVERSION = YES;
				CLANG_WARN_INFINITE_RECURSION = YES;
				CLANG_WARN_INT_CONVERSION = YES;
				CLANG_WARN_NON_LITERAL_NULL_CONVERSION = YES;
				CLANG_WARN_OBJC_IMPLICIT_RETAIN_SELF = YES;
				CLANG_WARN_OBJC_LITERAL_CONVERSION = YES;
				CLANG_WARN_OBJC_ROOT_CLASS = YES_ERROR;
				CLANG_WARN_QUOTED_INCLUDE_IN_FRAMEWORK_HEADER = YES;
				CLANG_WARN_RANGE_LOOP_ANALYSIS = YES;
				CLANG_WARN_STRICT_PROTOTYPES = YES;
				CLANG_WARN_SUSPICIOUS_MOVE = YES;
				CLANG_WARN_UNGUARDED_AVAILABILITY = YES_AGGRESSIVE;
				CLANG_WARN_UNREACHABLE_CODE = YES;
				CLANG_WARN__DUPLICATE_METHOD_MATCH = YES;
				COPY_PHASE_STRIP = NO;
				DEBUG_INFORMATION_FORMAT = "dwarf-with-dsym";
				ENABLE_NS_ASSERTIONS = NO;
				ENABLE_STRICT_OBJC_MSGSEND = YES;
				GCC_C_LANGUAGE_STANDARD = gnu11;
				GCC_NO_COMMON_BLOCKS = YES;
				GCC_WARN_64_TO_32_BIT_CONVERSION = YES;
				GCC_WARN_ABOUT_RETURN_TYPE = YES_ERROR;
				GCC_WARN_UNDECLARED_SELECTOR = YES;
				GCC_WARN_UNINITIALIZED_AUTOS = YES_AGGRESSIVE;
				GCC_WARN_UNUSED_FUNCTION = YES;
				GCC_WARN_UNUSED_VARIABLE = YES;
				IPHONEOS_DEPLOYMENT_TARGET = 16.2;
				MTL_ENABLE_DEBUG_INFO = NO;
				MTL_FAST_MATH = YES;
				SDKROOT = iphoneos;
				SWIFT_COMPILATION_MODE = wholemodule;
				SWIFT_OPTIMIZATION_LEVEL = "-O";
				VALIDATE_PRODUCT = YES;
			};
			name = Release;
		};
		7CF79B442B999DB6005289CB /* Debug */ = {
			isa = XCBuildConfiguration;
			buildSettings = {
				ASSETCATALOG_COMPILER_APPICON_NAME = AppIcon;
				ASSETCATALOG_COMPILER_GLOBAL_ACCENT_COLOR_NAME = AccentColor;
				CODE_SIGN_STYLE = Automatic;
				CURRENT_PROJECT_VERSION = 1;
				DEVELOPMENT_ASSET_PATHS = "\"NavigationRouterDemo/Preview Content\"";
				ENABLE_PREVIEWS = YES;
				GENERATE_INFOPLIST_FILE = YES;
				INFOPLIST_FILE = NavigationRouterDemo/Info.plist;
				INFOPLIST_KEY_UIApplicationSceneManifest_Generation = YES;
				INFOPLIST_KEY_UIApplicationSupportsIndirectInputEvents = YES;
				INFOPLIST_KEY_UILaunchScreen_Generation = YES;
				INFOPLIST_KEY_UISupportedInterfaceOrientations_iPad = "UIInterfaceOrientationPortrait UIInterfaceOrientationPortraitUpsideDown UIInterfaceOrientationLandscapeLeft UIInterfaceOrientationLandscapeRight";
				INFOPLIST_KEY_UISupportedInterfaceOrientations_iPhone = "UIInterfaceOrientationPortrait UIInterfaceOrientationLandscapeLeft UIInterfaceOrientationLandscapeRight";
				IPHONEOS_DEPLOYMENT_TARGET = 16.0;
				LD_RUNPATH_SEARCH_PATHS = (
					"$(inherited)",
					"@executable_path/Frameworks",
				);
				MARKETING_VERSION = 1.0;
				PRODUCT_BUNDLE_IDENTIFIER = com.tata.tatacliq;
				PRODUCT_NAME = "$(TARGET_NAME)";
				SWIFT_EMIT_LOC_STRINGS = YES;
				SWIFT_VERSION = 5.0;
				TARGETED_DEVICE_FAMILY = "1,2";
			};
			name = Debug;
		};
		7CF79B452B999DB6005289CB /* Release */ = {
			isa = XCBuildConfiguration;
			buildSettings = {
				ASSETCATALOG_COMPILER_APPICON_NAME = AppIcon;
				ASSETCATALOG_COMPILER_GLOBAL_ACCENT_COLOR_NAME = AccentColor;
				CODE_SIGN_STYLE = Automatic;
				CURRENT_PROJECT_VERSION = 1;
				DEVELOPMENT_ASSET_PATHS = "\"NavigationRouterDemo/Preview Content\"";
				ENABLE_PREVIEWS = YES;
				GENERATE_INFOPLIST_FILE = YES;
				INFOPLIST_FILE = NavigationRouterDemo/Info.plist;
				INFOPLIST_KEY_UIApplicationSceneManifest_Generation = YES;
				INFOPLIST_KEY_UIApplicationSupportsIndirectInputEvents = YES;
				INFOPLIST_KEY_UILaunchScreen_Generation = YES;
				INFOPLIST_KEY_UISupportedInterfaceOrientations_iPad = "UIInterfaceOrientationPortrait UIInterfaceOrientationPortraitUpsideDown UIInterfaceOrientationLandscapeLeft UIInterfaceOrientationLandscapeRight";
				INFOPLIST_KEY_UISupportedInterfaceOrientations_iPhone = "UIInterfaceOrientationPortrait UIInterfaceOrientationLandscapeLeft UIInterfaceOrientationLandscapeRight";
				IPHONEOS_DEPLOYMENT_TARGET = 16.0;
				LD_RUNPATH_SEARCH_PATHS = (
					"$(inherited)",
					"@executable_path/Frameworks",
				);
				MARKETING_VERSION = 1.0;
				PRODUCT_BUNDLE_IDENTIFIER = com.tata.tatacliq;
				PRODUCT_NAME = "$(TARGET_NAME)";
				SWIFT_EMIT_LOC_STRINGS = YES;
				SWIFT_VERSION = 5.0;
				TARGETED_DEVICE_FAMILY = "1,2";
			};
			name = Release;
		};
/* End XCBuildConfiguration section */

/* Begin XCConfigurationList section */
		7CF79B302B999DB3005289CB /* Build configuration list for PBXProject "NavigationRouterDemo" */ = {
			isa = XCConfigurationList;
			buildConfigurations = (
				7CF79B412B999DB6005289CB /* Debug */,
				7CF79B422B999DB6005289CB /* Release */,
			);
			defaultConfigurationIsVisible = 0;
			defaultConfigurationName = Release;
		};
		7CF79B432B999DB6005289CB /* Build configuration list for PBXNativeTarget "NavigationRouterDemo" */ = {
			isa = XCConfigurationList;
			buildConfigurations = (
				7CF79B442B999DB6005289CB /* Debug */,
				7CF79B452B999DB6005289CB /* Release */,
			);
			defaultConfigurationIsVisible = 0;
			defaultConfigurationName = Release;
		};
/* End XCConfigurationList section */
	};
	rootObject = 7CF79B2D2B999DB3005289CB /* Project object */;
}
